Microsoft Visual Studio Solution File, Format Version 11.00
# Visual Studio 2010
Project("{FAE04EC0-301F-11D3-BF4B-00C04F79EFBC}") = "Assembly-CSharp", "Assembly-CSharp.csproj", "{472002F5-3D9D-5A4C-73C8-0246DB9218A5}"
EndProject
Project("{FAE04EC0-301F-11D3-BF4B-00C04F79EFBC}") = "Assembly-CSharp-Editor", "Assembly-CSharp-Editor.csproj", "{789A5361-4CC8-3A7E-EEBB-D479F121EB30}"
EndProject
Global
	GlobalSection(SolutionConfigurationPlatforms) = preSolution
		Debug|Any CPU = Debug|Any CPU
		Release|Any CPU = Release|Any CPU
	EndGlobalSection
	GlobalSection(ProjectConfigurationPlatforms) = postSolution
		{472002F5-3D9D-5A4C-73C8-0246DB9218A5}.Debug|Any CPU.ActiveCfg = Debug|Any CPU
		{472002F5-3D9D-5A4C-73C8-0246DB9218A5}.Debug|Any CPU.Build.0 = Debug|Any CPU
		{472002F5-3D9D-5A4C-73C8-0246DB9218A5}.Release|Any CPU.ActiveCfg = Release|Any CPU
		{472002F5-3D9D-5A4C-73C8-0246DB9218A5}.Release|Any CPU.Build.0 = Release|Any CPU
		{789A5361-4CC8-3A7E-EEBB-D479F121EB30}.Debug|Any CPU.ActiveCfg = Debug|Any CPU
		{789A5361-4CC8-3A7E-EEBB-D479F121EB30}.Debug|Any CPU.Build.0 = Debug|Any CPU
		{789A5361-4CC8-3A7E-EEBB-D479F121EB30}.Release|Any CPU.ActiveCfg = Release|Any CPU
		{789A5361-4CC8-3A7E-EEBB-D479F121EB30}.Release|Any CPU.Build.0 = Release|Any CPU
	EndGlobalSection
	GlobalSection(SolutionProperties) = preSolution
		HideSolutionNode = FALSE
	EndGlobalSection
	GlobalSection(MonoDevelopProperties) = preSolution
		StartupItem = Assembly-CSharp.csproj
	EndGlobalSection
EndGlobal
