
Microsoft Visual Studio Solution File, Format Version 12.00
# Visual Studio 15
VisualStudioVersion = 15.0.28307.168
MinimumVisualStudioVersion = 10.0.40219.1
Project("{FAE04EC0-301F-11D3-BF4B-00C04F79EFBC}") = "UniJSONPRofiling", "UniJSONPRofiling\UniJSONPRofiling.csproj", "{DF2210F3-F3ED-4C53-A124-FA57EEF4580E}"
EndProject
Project("{FAE04EC0-301F-11D3-BF4B-00C04F79EFBC}") = "UniJSON", "UniJSON\UniJSON.csproj", "{7DF65FB7-FC53-4EF8-AC2F-1C825D67C767}"
EndProject
Project("{FAE04EC0-301F-11D3-BF4B-00C04F79EFBC}") = "UniJSONTests", "UniJSONTests\UniJSONTests.csproj", "{B946FAE6-FA0E-40C3-BCC2-803CF3040F0F}"
EndProject
Global
	GlobalSection(SolutionConfigurationPlatforms) = preSolution
		Debug|Any CPU = Debug|Any CPU
		Release|Any CPU = Release|Any CPU
	EndGlobalSection
	GlobalSection(ProjectConfigurationPlatforms) = postSolution
		{DF2210F3-F3ED-4C53-A124-FA57EEF4580E}.Debug|Any CPU.ActiveCfg = Debug|Any CPU
		{DF2210F3-F3ED-4C53-A124-FA57EEF4580E}.Debug|Any CPU.Build.0 = Debug|Any CPU
		{DF2210F3-F3ED-4C53-A124-FA57EEF4580E}.Release|Any CPU.ActiveCfg = Release|Any CPU
		{DF2210F3-F3ED-4C53-A124-FA57EEF4580E}.Release|Any CPU.Build.0 = Release|Any CPU
		{7DF65FB7-FC53-4EF8-AC2F-1C825D67C767}.Debug|Any CPU.ActiveCfg = Debug|Any CPU
		{7DF65FB7-FC53-4EF8-AC2F-1C825D67C767}.Debug|Any CPU.Build.0 = Debug|Any CPU
		{7DF65FB7-FC53-4EF8-AC2F-1C825D67C767}.Release|Any CPU.ActiveCfg = Release|Any CPU
		{7DF65FB7-FC53-4EF8-AC2F-1C825D67C767}.Release|Any CPU.Build.0 = Release|Any CPU
		{B946FAE6-FA0E-40C3-BCC2-803CF3040F0F}.Debug|Any CPU.ActiveCfg = Debug|Any CPU
		{B946FAE6-FA0E-40C3-BCC2-803CF3040F0F}.Debug|Any CPU.Build.0 = Debug|Any CPU
		{B946FAE6-FA0E-40C3-BCC2-803CF3040F0F}.Release|Any CPU.ActiveCfg = Release|Any CPU
		{B946FAE6-FA0E-40C3-BCC2-803CF3040F0F}.Release|Any CPU.Build.0 = Release|Any CPU
	EndGlobalSection
	GlobalSection(SolutionProperties) = preSolution
		HideSolutionNode = FALSE
	EndGlobalSection
	GlobalSection(ExtensibilityGlobals) = postSolution
		SolutionGuid = {286D805B-571C-4178-B33C-3424B905C7F6}
	EndGlobalSection
EndGlobal
